
Microsoft Visual Studio Solution File, Format Version 12.00
# Visual Studio Version 17
VisualStudioVersion = 17.8.34330.188
MinimumVisualStudioVersion = 10.0.40219.1
Project("{FAE04EC0-301F-11D3-BF4B-00C04F79EFBC}") = "TikTakTo", "TikTakTo\TikTakTo.csproj", "{BE86C129-2BEB-4913-ACCF-F0574393A441}"
EndProject
Global
	GlobalSection(SolutionConfigurationPlatforms) = preSolution
		Debug|Any CPU = Debug|Any CPU
		Release|Any CPU = Release|Any CPU
	EndGlobalSection
	GlobalSection(ProjectConfigurationPlatforms) = postSolution
		{BE86C129-2BEB-4913-ACCF-F0574393A441}.Debug|Any CPU.ActiveCfg = Debug|Any CPU
		{BE86C129-2BEB-4913-ACCF-F0574393A441}.Debug|Any CPU.Build.0 = Debug|Any CPU
		{BE86C129-2BEB-4913-ACCF-F0574393A441}.Release|Any CPU.ActiveCfg = Release|Any CPU
		{BE86C129-2BEB-4913-ACCF-F0574393A441}.Release|Any CPU.Build.0 = Release|Any CPU
	EndGlobalSection
	GlobalSection(SolutionProperties) = preSolution
		HideSolutionNode = FALSE
	EndGlobalSection
	GlobalSection(ExtensibilityGlobals) = postSolution
		SolutionGuid = {D5E38D88-F73F-44BF-8077-F1A474651764}
	EndGlobalSection
EndGlobal
