
Microsoft Visual Studio Solution File, Format Version 12.00
# Visual Studio Version 17
VisualStudioVersion = 17.8.34330.188
MinimumVisualStudioVersion = 10.0.40219.1
Project("{FAE04EC0-301F-11D3-BF4B-00C04F79EFBC}") = "Text_RPG", "Text_RPG\Text_RPG.csproj", "{31813A25-D6A1-49F9-915F-4CCA7284869B}"
EndProject
Global
	GlobalSection(SolutionConfigurationPlatforms) = preSolution
		Debug|Any CPU = Debug|Any CPU
		Release|Any CPU = Release|Any CPU
	EndGlobalSection
	GlobalSection(ProjectConfigurationPlatforms) = postSolution
		{31813A25-D6A1-49F9-915F-4CCA7284869B}.Debug|Any CPU.ActiveCfg = Debug|Any CPU
		{31813A25-D6A1-49F9-915F-4CCA7284869B}.Debug|Any CPU.Build.0 = Debug|Any CPU
		{31813A25-D6A1-49F9-915F-4CCA7284869B}.Release|Any CPU.ActiveCfg = Release|Any CPU
		{31813A25-D6A1-49F9-915F-4CCA7284869B}.Release|Any CPU.Build.0 = Release|Any CPU
	EndGlobalSection
	GlobalSection(SolutionProperties) = preSolution
		HideSolutionNode = FALSE
	EndGlobalSection
	GlobalSection(ExtensibilityGlobals) = postSolution
		SolutionGuid = {1105E8E4-50CE-4C3E-9745-D8CBBAF73ECA}
	EndGlobalSection
EndGlobal
